
Microsoft Visual Studio Solution File, Format Version 12.00
# Visual Studio 15
VisualStudioVersion = 15.0.26430.14
MinimumVisualStudioVersion = 10.0.40219.1
Project("{FAE04EC0-301F-11D3-BF4B-00C04F79EFBC}") = "ROOK", "ROOK\ROOK.csproj", "{8E91380A-F797-4F89-92C8-8E63A7AF72A2}"
	ProjectSection(ProjectDependencies) = postProject
		{100BF7E7-B634-4E6B-948E-22D0566FB2AF} = {100BF7E7-B634-4E6B-948E-22D0566FB2AF}
		{F04354F3-4A66-4740-9AD8-0EF2B97FFBA8} = {F04354F3-4A66-4740-9AD8-0EF2B97FFBA8}
	EndProjectSection
EndProject
Project("{FAE04EC0-301F-11D3-BF4B-00C04F79EFBC}") = "Lexical Analyzer", "LexicalAnalyzer\Lexical Analyzer.csproj", "{6C18902F-DAD9-47B7-BB14-B04BA4D06C63}"
EndProject
Project("{FAE04EC0-301F-11D3-BF4B-00C04F79EFBC}") = "Token Library", "TokenLibrary\Token Library.csproj", "{647E2315-4B5C-4E07-8A1C-7CA9D5783106}"
EndProject
Project("{FAE04EC0-301F-11D3-BF4B-00C04F79EFBC}") = "Syntax Analyzer", "Syntax Analyzer\Syntax Analyzer.csproj", "{F04354F3-4A66-4740-9AD8-0EF2B97FFBA8}"
	ProjectSection(ProjectDependencies) = postProject
		{647E2315-4B5C-4E07-8A1C-7CA9D5783106} = {647E2315-4B5C-4E07-8A1C-7CA9D5783106}
		{100BF7E7-B634-4E6B-948E-22D0566FB2AF} = {100BF7E7-B634-4E6B-948E-22D0566FB2AF}
	EndProjectSection
EndProject
Project("{FAE04EC0-301F-11D3-BF4B-00C04F79EFBC}") = "Core Library", "C:\Users\Windows7\Documents\Visual Studio 2017\Projects\COMPILER\Core Library\Core Library.csproj", "{100BF7E7-B634-4E6B-948E-22D0566FB2AF}"
EndProject
Global
	GlobalSection(SolutionConfigurationPlatforms) = preSolution
		Debug|Any CPU = Debug|Any CPU
		Release|Any CPU = Release|Any CPU
	EndGlobalSection
	GlobalSection(ProjectConfigurationPlatforms) = postSolution
		{8E91380A-F797-4F89-92C8-8E63A7AF72A2}.Debug|Any CPU.ActiveCfg = Debug|Any CPU
		{8E91380A-F797-4F89-92C8-8E63A7AF72A2}.Debug|Any CPU.Build.0 = Debug|Any CPU
		{8E91380A-F797-4F89-92C8-8E63A7AF72A2}.Release|Any CPU.ActiveCfg = Release|Any CPU
		{8E91380A-F797-4F89-92C8-8E63A7AF72A2}.Release|Any CPU.Build.0 = Release|Any CPU
		{6C18902F-DAD9-47B7-BB14-B04BA4D06C63}.Debug|Any CPU.ActiveCfg = Debug|Any CPU
		{6C18902F-DAD9-47B7-BB14-B04BA4D06C63}.Debug|Any CPU.Build.0 = Debug|Any CPU
		{6C18902F-DAD9-47B7-BB14-B04BA4D06C63}.Release|Any CPU.ActiveCfg = Release|Any CPU
		{6C18902F-DAD9-47B7-BB14-B04BA4D06C63}.Release|Any CPU.Build.0 = Release|Any CPU
		{647E2315-4B5C-4E07-8A1C-7CA9D5783106}.Debug|Any CPU.ActiveCfg = Debug|Any CPU
		{647E2315-4B5C-4E07-8A1C-7CA9D5783106}.Debug|Any CPU.Build.0 = Debug|Any CPU
		{647E2315-4B5C-4E07-8A1C-7CA9D5783106}.Release|Any CPU.ActiveCfg = Release|Any CPU
		{647E2315-4B5C-4E07-8A1C-7CA9D5783106}.Release|Any CPU.Build.0 = Release|Any CPU
		{F04354F3-4A66-4740-9AD8-0EF2B97FFBA8}.Debug|Any CPU.ActiveCfg = Debug|Any CPU
		{F04354F3-4A66-4740-9AD8-0EF2B97FFBA8}.Debug|Any CPU.Build.0 = Debug|Any CPU
		{F04354F3-4A66-4740-9AD8-0EF2B97FFBA8}.Release|Any CPU.ActiveCfg = Release|Any CPU
		{F04354F3-4A66-4740-9AD8-0EF2B97FFBA8}.Release|Any CPU.Build.0 = Release|Any CPU
		{100BF7E7-B634-4E6B-948E-22D0566FB2AF}.Debug|Any CPU.ActiveCfg = Debug|Any CPU
		{100BF7E7-B634-4E6B-948E-22D0566FB2AF}.Debug|Any CPU.Build.0 = Debug|Any CPU
		{100BF7E7-B634-4E6B-948E-22D0566FB2AF}.Release|Any CPU.ActiveCfg = Release|Any CPU
		{100BF7E7-B634-4E6B-948E-22D0566FB2AF}.Release|Any CPU.Build.0 = Release|Any CPU
	EndGlobalSection
	GlobalSection(SolutionProperties) = preSolution
		HideSolutionNode = FALSE
	EndGlobalSection
EndGlobal
